// !$*UTF8*$!
{
	archiveVersion = 1;
	classes = {
	};
	objectVersion = 46;
	objects = {

/* Begin PBXBuildFile section */
		C36BB6A21AD67B1600D3EA9C /* LoginViewController.swift in Sources */ = {isa = PBXBuildFile; fileRef = C36BB6A11AD67B1600D3EA9C /* LoginViewController.swift */; };
		C36BB6A41AD7DBA000D3EA9C /* Utils.swift in Sources */ = {isa = PBXBuildFile; fileRef = C36BB6A31AD7DBA000D3EA9C /* Utils.swift */; };
		C3F898AE1AD266FC008429DD /* AppDelegate.swift in Sources */ = {isa = PBXBuildFile; fileRef = C3F898AD1AD266FC008429DD /* AppDelegate.swift */; };
		C3F898B01AD266FC008429DD /* ViewController.swift in Sources */ = {isa = PBXBuildFile; fileRef = C3F898AF1AD266FC008429DD /* ViewController.swift */; };
		C3F898B31AD266FC008429DD /* Main.storyboard in Resources */ = {isa = PBXBuildFile; fileRef = C3F898B11AD266FC008429DD /* Main.storyboard */; };
		C3F898B51AD266FC008429DD /* Images.xcassets in Resources */ = {isa = PBXBuildFile; fileRef = C3F898B41AD266FC008429DD /* Images.xcassets */; };
		C3F898B81AD266FC008429DD /* LaunchScreen.xib in Resources */ = {isa = PBXBuildFile; fileRef = C3F898B61AD266FC008429DD /* LaunchScreen.xib */; };
		C3F898C41AD266FC008429DD /* MyPlaygroundTests.swift in Sources */ = {isa = PBXBuildFile; fileRef = C3F898C31AD266FC008429DD /* MyPlaygroundTests.swift */; };
		C3F898D31AD516A6008429DD /* Crashlytics.framework in Frameworks */ = {isa = PBXBuildFile; fileRef = C3F898D11AD516A6008429DD /* Crashlytics.framework */; };
		C3F898D41AD516A6008429DD /* Fabric.framework in Frameworks */ = {isa = PBXBuildFile; fileRef = C3F898D21AD516A6008429DD /* Fabric.framework */; };
		C3F898DC1AD54C8F008429DD /* Bolts.framework in Frameworks */ = {isa = PBXBuildFile; fileRef = C3F898DB1AD54C8F008429DD /* Bolts.framework */; };
		C3F898DE1AD54C93008429DD /* Parse.framework in Frameworks */ = {isa = PBXBuildFile; fileRef = C3F898DD1AD54C93008429DD /* Parse.framework */; };
		C3F898E01AD54CDF008429DD /* AudioToolbox.framework in Frameworks */ = {isa = PBXBuildFile; fileRef = C3F898DF1AD54CDF008429DD /* AudioToolbox.framework */; };
		C3F898E21AD54CE7008429DD /* CFNetwork.framework in Frameworks */ = {isa = PBXBuildFile; fileRef = C3F898E11AD54CE7008429DD /* CFNetwork.framework */; };
		C3F898E41AD54CED008429DD /* CoreGraphics.framework in Frameworks */ = {isa = PBXBuildFile; fileRef = C3F898E31AD54CED008429DD /* CoreGraphics.framework */; };
		C3F898E61AD54CF4008429DD /* CoreLocation.framework in Frameworks */ = {isa = PBXBuildFile; fileRef = C3F898E51AD54CF4008429DD /* CoreLocation.framework */; };
		C3F898E81AD54CFC008429DD /* MobileCoreServices.framework in Frameworks */ = {isa = PBXBuildFile; fileRef = C3F898E71AD54CFC008429DD /* MobileCoreServices.framework */; };
		C3F898EA1AD54D03008429DD /* QuartzCore.framework in Frameworks */ = {isa = PBXBuildFile; fileRef = C3F898E91AD54D03008429DD /* QuartzCore.framework */; };
		C3F898EC1AD54D0C008429DD /* Security.framework in Frameworks */ = {isa = PBXBuildFile; fileRef = C3F898EB1AD54D0C008429DD /* Security.framework */; };
		C3F898EE1AD54D13008429DD /* StoreKit.framework in Frameworks */ = {isa = PBXBuildFile; fileRef = C3F898ED1AD54D13008429DD /* StoreKit.framework */; };
		C3F898F01AD54D1A008429DD /* SystemConfiguration.framework in Frameworks */ = {isa = PBXBuildFile; fileRef = C3F898EF1AD54D1A008429DD /* SystemConfiguration.framework */; };
		C3F898F21AD54D23008429DD /* libz.dylib in Frameworks */ = {isa = PBXBuildFile; fileRef = C3F898F11AD54D23008429DD /* libz.dylib */; };
		C3F898F41AD54D2B008429DD /* libsqlite3.dylib in Frameworks */ = {isa = PBXBuildFile; fileRef = C3F898F31AD54D2B008429DD /* libsqlite3.dylib */; };
/* End PBXBuildFile section */

/* Begin PBXContainerItemProxy section */
		C3F898BE1AD266FC008429DD /* PBXContainerItemProxy */ = {
			isa = PBXContainerItemProxy;
			containerPortal = C3F898A01AD266FC008429DD /* Project object */;
			proxyType = 1;
			remoteGlobalIDString = C3F898A71AD266FC008429DD;
			remoteInfo = MyPlayground;
		};
/* End PBXContainerItemProxy section */

/* Begin PBXFileReference section */
		C36BB6A11AD67B1600D3EA9C /* LoginViewController.swift */ = {isa = PBXFileReference; fileEncoding = 4; lastKnownFileType = sourcecode.swift; path = LoginViewController.swift; sourceTree = "<group>"; };
		C36BB6A31AD7DBA000D3EA9C /* Utils.swift */ = {isa = PBXFileReference; fileEncoding = 4; lastKnownFileType = sourcecode.swift; path = Utils.swift; sourceTree = "<group>"; };
		C3F898A81AD266FC008429DD /* MyPlayground.app */ = {isa = PBXFileReference; explicitFileType = wrapper.application; includeInIndex = 0; path = MyPlayground.app; sourceTree = BUILT_PRODUCTS_DIR; };
		C3F898AC1AD266FC008429DD /* Info.plist */ = {isa = PBXFileReference; lastKnownFileType = text.plist.xml; path = Info.plist; sourceTree = "<group>"; };
		C3F898AD1AD266FC008429DD /* AppDelegate.swift */ = {isa = PBXFileReference; lastKnownFileType = sourcecode.swift; path = AppDelegate.swift; sourceTree = "<group>"; };
		C3F898AF1AD266FC008429DD /* ViewController.swift */ = {isa = PBXFileReference; lastKnownFileType = sourcecode.swift; path = ViewController.swift; sourceTree = "<group>"; };
		C3F898B21AD266FC008429DD /* Base */ = {isa = PBXFileReference; lastKnownFileType = file.storyboard; name = Base; path = Base.lproj/Main.storyboard; sourceTree = "<group>"; };
		C3F898B41AD266FC008429DD /* Images.xcassets */ = {isa = PBXFileReference; lastKnownFileType = folder.assetcatalog; path = Images.xcassets; sourceTree = "<group>"; };
		C3F898B71AD266FC008429DD /* Base */ = {isa = PBXFileReference; lastKnownFileType = file.xib; name = Base; path = Base.lproj/LaunchScreen.xib; sourceTree = "<group>"; };
		C3F898BD1AD266FC008429DD /* MyPlaygroundTests.xctest */ = {isa = PBXFileReference; explicitFileType = wrapper.cfbundle; includeInIndex = 0; path = MyPlaygroundTests.xctest; sourceTree = BUILT_PRODUCTS_DIR; };
		C3F898C21AD266FC008429DD /* Info.plist */ = {isa = PBXFileReference; lastKnownFileType = text.plist.xml; path = Info.plist; sourceTree = "<group>"; };
		C3F898C31AD266FC008429DD /* MyPlaygroundTests.swift */ = {isa = PBXFileReference; lastKnownFileType = sourcecode.swift; path = MyPlaygroundTests.swift; sourceTree = "<group>"; };
		C3F898D11AD516A6008429DD /* Crashlytics.framework */ = {isa = PBXFileReference; lastKnownFileType = wrapper.framework; path = Crashlytics.framework; sourceTree = SOURCE_ROOT; };
		C3F898D21AD516A6008429DD /* Fabric.framework */ = {isa = PBXFileReference; lastKnownFileType = wrapper.framework; path = Fabric.framework; sourceTree = SOURCE_ROOT; };
		C3F898DB1AD54C8F008429DD /* Bolts.framework */ = {isa = PBXFileReference; lastKnownFileType = wrapper.framework; name = Bolts.framework; path = MyPlayground/Bolts.framework; sourceTree = "<group>"; };
		C3F898DD1AD54C93008429DD /* Parse.framework */ = {isa = PBXFileReference; lastKnownFileType = wrapper.framework; name = Parse.framework; path = MyPlayground/Parse.framework; sourceTree = "<group>"; };
		C3F898DF1AD54CDF008429DD /* AudioToolbox.framework */ = {isa = PBXFileReference; lastKnownFileType = wrapper.framework; name = AudioToolbox.framework; path = System/Library/Frameworks/AudioToolbox.framework; sourceTree = SDKROOT; };
		C3F898E11AD54CE7008429DD /* CFNetwork.framework */ = {isa = PBXFileReference; lastKnownFileType = wrapper.framework; name = CFNetwork.framework; path = System/Library/Frameworks/CFNetwork.framework; sourceTree = SDKROOT; };
		C3F898E31AD54CED008429DD /* CoreGraphics.framework */ = {isa = PBXFileReference; lastKnownFileType = wrapper.framework; name = CoreGraphics.framework; path = System/Library/Frameworks/CoreGraphics.framework; sourceTree = SDKROOT; };
		C3F898E51AD54CF4008429DD /* CoreLocation.framework */ = {isa = PBXFileReference; lastKnownFileType = wrapper.framework; name = CoreLocation.framework; path = System/Library/Frameworks/CoreLocation.framework; sourceTree = SDKROOT; };
		C3F898E71AD54CFC008429DD /* MobileCoreServices.framework */ = {isa = PBXFileReference; lastKnownFileType = wrapper.framework; name = MobileCoreServices.framework; path = System/Library/Frameworks/MobileCoreServices.framework; sourceTree = SDKROOT; };
		C3F898E91AD54D03008429DD /* QuartzCore.framework */ = {isa = PBXFileReference; lastKnownFileType = wrapper.framework; name = QuartzCore.framework; path = System/Library/Frameworks/QuartzCore.framework; sourceTree = SDKROOT; };
		C3F898EB1AD54D0C008429DD /* Security.framework */ = {isa = PBXFileReference; lastKnownFileType = wrapper.framework; name = Security.framework; path = System/Library/Frameworks/Security.framework; sourceTree = SDKROOT; };
		C3F898ED1AD54D13008429DD /* StoreKit.framework */ = {isa = PBXFileReference; lastKnownFileType = wrapper.framework; name = StoreKit.framework; path = System/Library/Frameworks/StoreKit.framework; sourceTree = SDKROOT; };
		C3F898EF1AD54D1A008429DD /* SystemConfiguration.framework */ = {isa = PBXFileReference; lastKnownFileType = wrapper.framework; name = SystemConfiguration.framework; path = System/Library/Frameworks/SystemConfiguration.framework; sourceTree = SDKROOT; };
		C3F898F11AD54D23008429DD /* libz.dylib */ = {isa = PBXFileReference; lastKnownFileType = "compiled.mach-o.dylib"; name = libz.dylib; path = usr/lib/libz.dylib; sourceTree = SDKROOT; };
		C3F898F31AD54D2B008429DD /* libsqlite3.dylib */ = {isa = PBXFileReference; lastKnownFileType = "compiled.mach-o.dylib"; name = libsqlite3.dylib; path = usr/lib/libsqlite3.dylib; sourceTree = SDKROOT; };
/* End PBXFileReference section */

/* Begin PBXFrameworksBuildPhase section */
		C3F898A51AD266FC008429DD /* Frameworks */ = {
			isa = PBXFrameworksBuildPhase;
			buildActionMask = 2147483647;
			files = (
				C3F898F41AD54D2B008429DD /* libsqlite3.dylib in Frameworks */,
				C3F898F21AD54D23008429DD /* libz.dylib in Frameworks */,
				C3F898F01AD54D1A008429DD /* SystemConfiguration.framework in Frameworks */,
				C3F898EE1AD54D13008429DD /* StoreKit.framework in Frameworks */,
				C3F898EC1AD54D0C008429DD /* Security.framework in Frameworks */,
				C3F898EA1AD54D03008429DD /* QuartzCore.framework in Frameworks */,
				C3F898E81AD54CFC008429DD /* MobileCoreServices.framework in Frameworks */,
				C3F898E61AD54CF4008429DD /* CoreLocation.framework in Frameworks */,
				C3F898E41AD54CED008429DD /* CoreGraphics.framework in Frameworks */,
				C3F898E21AD54CE7008429DD /* CFNetwork.framework in Frameworks */,
				C3F898E01AD54CDF008429DD /* AudioToolbox.framework in Frameworks */,
				C3F898DC1AD54C8F008429DD /* Bolts.framework in Frameworks */,
				C3F898D31AD516A6008429DD /* Crashlytics.framework in Frameworks */,
				C3F898DE1AD54C93008429DD /* Parse.framework in Frameworks */,
				C3F898D41AD516A6008429DD /* Fabric.framework in Frameworks */,
			);
			runOnlyForDeploymentPostprocessing = 0;
		};
		C3F898BA1AD266FC008429DD /* Frameworks */ = {
			isa = PBXFrameworksBuildPhase;
			buildActionMask = 2147483647;
			files = (
			);
			runOnlyForDeploymentPostprocessing = 0;
		};
/* End PBXFrameworksBuildPhase section */

/* Begin PBXGroup section */
		C3F8989F1AD266FC008429DD = {
			isa = PBXGroup;
			children = (
				C3F898F51AD54D4F008429DD /* Frameworks */,
				C3F898AA1AD266FC008429DD /* MyPlayground */,
				C3F898C01AD266FC008429DD /* MyPlaygroundTests */,
				C3F898A91AD266FC008429DD /* Products */,
			);
			sourceTree = "<group>";
		};
		C3F898A91AD266FC008429DD /* Products */ = {
			isa = PBXGroup;
			children = (
				C3F898A81AD266FC008429DD /* MyPlayground.app */,
				C3F898BD1AD266FC008429DD /* MyPlaygroundTests.xctest */,
			);
			name = Products;
			sourceTree = "<group>";
		};
		C3F898AA1AD266FC008429DD /* MyPlayground */ = {
			isa = PBXGroup;
			children = (
				C3F898AD1AD266FC008429DD /* AppDelegate.swift */,
				C3F898AF1AD266FC008429DD /* ViewController.swift */,
				C36BB6A11AD67B1600D3EA9C /* LoginViewController.swift */,
				C36BB6A31AD7DBA000D3EA9C /* Utils.swift */,
				C3F898B11AD266FC008429DD /* Main.storyboard */,
				C3F898B41AD266FC008429DD /* Images.xcassets */,
				C3F898B61AD266FC008429DD /* LaunchScreen.xib */,
				C3F898AB1AD266FC008429DD /* Supporting Files */,
			);
			path = MyPlayground;
			sourceTree = "<group>";
		};
		C3F898AB1AD266FC008429DD /* Supporting Files */ = {
			isa = PBXGroup;
			children = (
				C3F898AC1AD266FC008429DD /* Info.plist */,
			);
			name = "Supporting Files";
			sourceTree = "<group>";
		};
		C3F898C01AD266FC008429DD /* MyPlaygroundTests */ = {
			isa = PBXGroup;
			children = (
				C3F898C31AD266FC008429DD /* MyPlaygroundTests.swift */,
				C3F898C11AD266FC008429DD /* Supporting Files */,
			);
			path = MyPlaygroundTests;
			sourceTree = "<group>";
		};
		C3F898C11AD266FC008429DD /* Supporting Files */ = {
			isa = PBXGroup;
			children = (
				C3F898C21AD266FC008429DD /* Info.plist */,
			);
			name = "Supporting Files";
			sourceTree = "<group>";
		};
		C3F898F51AD54D4F008429DD /* Frameworks */ = {
			isa = PBXGroup;
			children = (
				C3F898DD1AD54C93008429DD /* Parse.framework */,
				C3F898DB1AD54C8F008429DD /* Bolts.framework */,
				C3F898D11AD516A6008429DD /* Crashlytics.framework */,
				C3F898D21AD516A6008429DD /* Fabric.framework */,
				C3F898F31AD54D2B008429DD /* libsqlite3.dylib */,
				C3F898F11AD54D23008429DD /* libz.dylib */,
				C3F898EF1AD54D1A008429DD /* SystemConfiguration.framework */,
				C3F898ED1AD54D13008429DD /* StoreKit.framework */,
				C3F898EB1AD54D0C008429DD /* Security.framework */,
				C3F898E91AD54D03008429DD /* QuartzCore.framework */,
				C3F898E71AD54CFC008429DD /* MobileCoreServices.framework */,
				C3F898E51AD54CF4008429DD /* CoreLocation.framework */,
				C3F898E31AD54CED008429DD /* CoreGraphics.framework */,
				C3F898E11AD54CE7008429DD /* CFNetwork.framework */,
				C3F898DF1AD54CDF008429DD /* AudioToolbox.framework */,
			);
			name = Frameworks;
			sourceTree = "<group>";
		};
/* End PBXGroup section */

/* Begin PBXNativeTarget section */
		C3F898A71AD266FC008429DD /* MyPlayground */ = {
			isa = PBXNativeTarget;
			buildConfigurationList = C3F898C71AD266FC008429DD /* Build configuration list for PBXNativeTarget "MyPlayground" */;
			buildPhases = (
				C3F898A41AD266FC008429DD /* Sources */,
				C3F898A51AD266FC008429DD /* Frameworks */,
				C3F898A61AD266FC008429DD /* Resources */,
				C3F898D01AD5166C008429DD /* ShellScript */,
			);
			buildRules = (
			);
			dependencies = (
			);
			name = MyPlayground;
			productName = MyPlayground;
			productReference = C3F898A81AD266FC008429DD /* MyPlayground.app */;
			productType = "com.apple.product-type.application";
		};
		C3F898BC1AD266FC008429DD /* MyPlaygroundTests */ = {
			isa = PBXNativeTarget;
			buildConfigurationList = C3F898CA1AD266FC008429DD /* Build configuration list for PBXNativeTarget "MyPlaygroundTests" */;
			buildPhases = (
				C3F898B91AD266FC008429DD /* Sources */,
				C3F898BA1AD266FC008429DD /* Frameworks */,
				C3F898BB1AD266FC008429DD /* Resources */,
			);
			buildRules = (
			);
			dependencies = (
				C3F898BF1AD266FC008429DD /* PBXTargetDependency */,
			);
			name = MyPlaygroundTests;
			productName = MyPlaygroundTests;
			productReference = C3F898BD1AD266FC008429DD /* MyPlaygroundTests.xctest */;
			productType = "com.apple.product-type.bundle.unit-test";
		};
/* End PBXNativeTarget section */

/* Begin PBXProject section */
		C3F898A01AD266FC008429DD /* Project object */ = {
			isa = PBXProject;
			attributes = {
				LastUpgradeCheck = 0620;
				ORGANIZATIONNAME = tkoshida;
				TargetAttributes = {
					C3F898A71AD266FC008429DD = {
						CreatedOnToolsVersion = 6.2;
					};
					C3F898BC1AD266FC008429DD = {
						CreatedOnToolsVersion = 6.2;
						TestTargetID = C3F898A71AD266FC008429DD;
					};
				};
			};
			buildConfigurationList = C3F898A31AD266FC008429DD /* Build configuration list for PBXProject "MyPlayground" */;
			compatibilityVersion = "Xcode 3.2";
			developmentRegion = English;
			hasScannedForEncodings = 0;
			knownRegions = (
				en,
				Base,
			);
			mainGroup = C3F8989F1AD266FC008429DD;
			productRefGroup = C3F898A91AD266FC008429DD /* Products */;
			projectDirPath = "";
			projectRoot = "";
			targets = (
				C3F898A71AD266FC008429DD /* MyPlayground */,
				C3F898BC1AD266FC008429DD /* MyPlaygroundTests */,
			);
		};
/* End PBXProject section */

/* Begin PBXResourcesBuildPhase section */
		C3F898A61AD266FC008429DD /* Resources */ = {
			isa = PBXResourcesBuildPhase;
			buildActionMask = 2147483647;
			files = (
				C3F898B31AD266FC008429DD /* Main.storyboard in Resources */,
				C3F898B81AD266FC008429DD /* LaunchScreen.xib in Resources */,
				C3F898B51AD266FC008429DD /* Images.xcassets in Resources */,
			);
			runOnlyForDeploymentPostprocessing = 0;
		};
		C3F898BB1AD266FC008429DD /* Resources */ = {
			isa = PBXResourcesBuildPhase;
			buildActionMask = 2147483647;
			files = (
			);
			runOnlyForDeploymentPostprocessing = 0;
		};
/* End PBXResourcesBuildPhase section */

/* Begin PBXShellScriptBuildPhase section */
		C3F898D01AD5166C008429DD /* ShellScript */ = {
			isa = PBXShellScriptBuildPhase;
			buildActionMask = 2147483647;
			files = (
			);
			inputPaths = (
			);
			outputPaths = (
			);
			runOnlyForDeploymentPostprocessing = 0;
			shellPath = /bin/sh;
			shellScript = "./Fabric.framework/run a1fd46856328894a8c65cc83637b8ea28938ed04 e2a0eb423ada3911b4eaa02a0ae857ca08eac7961b978ece5dfd349fe0e05a35";
		};
/* End PBXShellScriptBuildPhase section */

/* Begin PBXSourcesBuildPhase section */
		C3F898A41AD266FC008429DD /* Sources */ = {
			isa = PBXSourcesBuildPhase;
			buildActionMask = 2147483647;
			files = (
				C36BB6A21AD67B1600D3EA9C /* LoginViewController.swift in Sources */,
				C3F898B01AD266FC008429DD /* ViewController.swift in Sources */,
				C3F898AE1AD266FC008429DD /* AppDelegate.swift in Sources */,
				C36BB6A41AD7DBA000D3EA9C /* Utils.swift in Sources */,
			);
			runOnlyForDeploymentPostprocessing = 0;
		};
		C3F898B91AD266FC008429DD /* Sources */ = {
			isa = PBXSourcesBuildPhase;
			buildActionMask = 2147483647;
			files = (
				C3F898C41AD266FC008429DD /* MyPlaygroundTests.swift in Sources */,
			);
			runOnlyForDeploymentPostprocessing = 0;
		};
/* End PBXSourcesBuildPhase section */

/* Begin PBXTargetDependency section */
		C3F898BF1AD266FC008429DD /* PBXTargetDependency */ = {
			isa = PBXTargetDependency;
			target = C3F898A71AD266FC008429DD /* MyPlayground */;
			targetProxy = C3F898BE1AD266FC008429DD /* PBXContainerItemProxy */;
		};
/* End PBXTargetDependency section */

/* Begin PBXVariantGroup section */
		C3F898B11AD266FC008429DD /* Main.storyboard */ = {
			isa = PBXVariantGroup;
			children = (
				C3F898B21AD266FC008429DD /* Base */,
			);
			name = Main.storyboard;
			sourceTree = "<group>";
		};
		C3F898B61AD266FC008429DD /* LaunchScreen.xib */ = {
			isa = PBXVariantGroup;
			children = (
				C3F898B71AD266FC008429DD /* Base */,
			);
			name = LaunchScreen.xib;
			sourceTree = "<group>";
		};
/* End PBXVariantGroup section */

/* Begin XCBuildConfiguration section */
		C3F898C51AD266FC008429DD /* Debug */ = {
			isa = XCBuildConfiguration;
			buildSettings = {
				ALWAYS_SEARCH_USER_PATHS = NO;
				CLANG_CXX_LANGUAGE_STANDARD = "gnu++0x";
				CLANG_CXX_LIBRARY = "libc++";
				CLANG_ENABLE_MODULES = YES;
				CLANG_ENABLE_OBJC_ARC = YES;
				CLANG_WARN_BOOL_CONVERSION = YES;
				CLANG_WARN_CONSTANT_CONVERSION = YES;
				CLANG_WARN_DIRECT_OBJC_ISA_USAGE = YES_ERROR;
				CLANG_WARN_EMPTY_BODY = YES;
				CLANG_WARN_ENUM_CONVERSION = YES;
				CLANG_WARN_INT_CONVERSION = YES;
				CLANG_WARN_OBJC_ROOT_CLASS = YES_ERROR;
				CLANG_WARN_UNREACHABLE_CODE = YES;
				CLANG_WARN__DUPLICATE_METHOD_MATCH = YES;
				"CODE_SIGN_IDENTITY[sdk=iphoneos*]" = "iPhone Developer";
				COPY_PHASE_STRIP = NO;
				ENABLE_STRICT_OBJC_MSGSEND = YES;
				GCC_C_LANGUAGE_STANDARD = gnu99;
				GCC_DYNAMIC_NO_PIC = NO;
				GCC_OPTIMIZATION_LEVEL = 0;
				GCC_PREPROCESSOR_DEFINITIONS = (
					"DEBUG=1",
					"$(inherited)",
				);
				GCC_SYMBOLS_PRIVATE_EXTERN = NO;
				GCC_WARN_64_TO_32_BIT_CONVERSION = YES;
				GCC_WARN_ABOUT_RETURN_TYPE = YES_ERROR;
				GCC_WARN_UNDECLARED_SELECTOR = YES;
				GCC_WARN_UNINITIALIZED_AUTOS = YES_AGGRESSIVE;
				GCC_WARN_UNUSED_FUNCTION = YES;
				GCC_WARN_UNUSED_VARIABLE = YES;
				IPHONEOS_DEPLOYMENT_TARGET = 8.2;
				MTL_ENABLE_DEBUG_INFO = YES;
				ONLY_ACTIVE_ARCH = YES;
				SDKROOT = iphoneos;
				SWIFT_OPTIMIZATION_LEVEL = "-Onone";
			};
			name = Debug;
		};
		C3F898C61AD266FC008429DD /* Release */ = {
			isa = XCBuildConfiguration;
			buildSettings = {
				ALWAYS_SEARCH_USER_PATHS = NO;
				CLANG_CXX_LANGUAGE_STANDARD = "gnu++0x";
				CLANG_CXX_LIBRARY = "libc++";
				CLANG_ENABLE_MODULES = YES;
				CLANG_ENABLE_OBJC_ARC = YES;
				CLANG_WARN_BOOL_CONVERSION = YES;
				CLANG_WARN_CONSTANT_CONVERSION = YES;
				CLANG_WARN_DIRECT_OBJC_ISA_USAGE = YES_ERROR;
				CLANG_WARN_EMPTY_BODY = YES;
				CLANG_WARN_ENUM_CONVERSION = YES;
				CLANG_WARN_INT_CONVERSION = YES;
				CLANG_WARN_OBJC_ROOT_CLASS = YES_ERROR;
				CLANG_WARN_UNREACHABLE_CODE = YES;
				CLANG_WARN__DUPLICATE_METHOD_MATCH = YES;
				"CODE_SIGN_IDENTITY[sdk=iphoneos*]" = "iPhone Developer";
				COPY_PHASE_STRIP = NO;
				ENABLE_NS_ASSERTIONS = NO;
				ENABLE_STRICT_OBJC_MSGSEND = YES;
				GCC_C_LANGUAGE_STANDARD = gnu99;
				GCC_WARN_64_TO_32_BIT_CONVERSION = YES;
				GCC_WARN_ABOUT_RETURN_TYPE = YES_ERROR;
				GCC_WARN_UNDECLARED_SELECTOR = YES;
				GCC_WARN_UNINITIALIZED_AUTOS = YES_AGGRESSIVE;
				GCC_WARN_UNUSED_FUNCTION = YES;
				GCC_WARN_UNUSED_VARIABLE = YES;
				IPHONEOS_DEPLOYMENT_TARGET = 8.2;
				MTL_ENABLE_DEBUG_INFO = NO;
				SDKROOT = iphoneos;
				VALIDATE_PRODUCT = YES;
			};
			name = Release;
		};
		C3F898C81AD266FC008429DD /* Debug */ = {
			isa = XCBuildConfiguration;
			buildSettings = {
				ASSETCATALOG_COMPILER_APPICON_NAME = AppIcon;
				FRAMEWORK_SEARCH_PATHS = (
					"$(inherited)",
					"$(PROJECT_DIR)",
					"$(PROJECT_DIR)/MyPlayground",
				);
				INFOPLIST_FILE = MyPlayground/Info.plist;
				IPHONEOS_DEPLOYMENT_TARGET = 8.0;
				LD_RUNPATH_SEARCH_PATHS = "$(inherited) @executable_path/Frameworks";
				PRODUCT_NAME = "$(TARGET_NAME)";
			};
			name = Debug;
		};
		C3F898C91AD266FC008429DD /* Release */ = {
			isa = XCBuildConfiguration;
			buildSettings = {
				ASSETCATALOG_COMPILER_APPICON_NAME = AppIcon;
				FRAMEWORK_SEARCH_PATHS = (
					"$(inherited)",
					"$(PROJECT_DIR)",
					"$(PROJECT_DIR)/MyPlayground",
				);
				INFOPLIST_FILE = MyPlayground/Info.plist;
				IPHONEOS_DEPLOYMENT_TARGET = 8.0;
				LD_RUNPATH_SEARCH_PATHS = "$(inherited) @executable_path/Frameworks";
				PRODUCT_NAME = "$(TARGET_NAME)";
			};
			name = Release;
		};
		C3F898CB1AD266FC008429DD /* Debug */ = {
			isa = XCBuildConfiguration;
			buildSettings = {
				BUNDLE_LOADER = "$(TEST_HOST)";
				FRAMEWORK_SEARCH_PATHS = (
					"$(SDKROOT)/Developer/Library/Frameworks",
					"$(inherited)",
				);
				GCC_PREPROCESSOR_DEFINITIONS = (
					"DEBUG=1",
					"$(inherited)",
				);
				INFOPLIST_FILE = MyPlaygroundTests/Info.plist;
				LD_RUNPATH_SEARCH_PATHS = "$(inherited) @executable_path/Frameworks @loader_path/Frameworks";
				PRODUCT_NAME = "$(TARGET_NAME)";
				TEST_HOST = "$(BUILT_PRODUCTS_DIR)/MyPlayground.app/MyPlayground";
			};
			name = Debug;
		};
		C3F898CC1AD266FC008429DD /* Release */ = {
			isa = XCBuildConfiguration;
			buildSettings = {
				BUNDLE_LOADER = "$(TEST_HOST)";
				FRAMEWORK_SEARCH_PATHS = (
					"$(SDKROOT)/Developer/Library/Frameworks",
					"$(inherited)",
				);
				INFOPLIST_FILE = MyPlaygroundTests/Info.plist;
				LD_RUNPATH_SEARCH_PATHS = "$(inherited) @executable_path/Frameworks @loader_path/Frameworks";
				PRODUCT_NAME = "$(TARGET_NAME)";
				TEST_HOST = "$(BUILT_PRODUCTS_DIR)/MyPlayground.app/MyPlayground";
			};
			name = Release;
		};
		C3F898CD1AD4D5B3008429DD /* AdHoc */ = {
			isa = XCBuildConfiguration;
			buildSettings = {
				ALWAYS_SEARCH_USER_PATHS = NO;
				CLANG_CXX_LANGUAGE_STANDARD = "gnu++0x";
				CLANG_CXX_LIBRARY = "libc++";
				CLANG_ENABLE_MODULES = YES;
				CLANG_ENABLE_OBJC_ARC = YES;
				CLANG_WARN_BOOL_CONVERSION = YES;
				CLANG_WARN_CONSTANT_CONVERSION = YES;
				CLANG_WARN_DIRECT_OBJC_ISA_USAGE = YES_ERROR;
				CLANG_WARN_EMPTY_BODY = YES;
				CLANG_WARN_ENUM_CONVERSION = YES;
				CLANG_WARN_INT_CONVERSION = YES;
				CLANG_WARN_OBJC_ROOT_CLASS = YES_ERROR;
				CLANG_WARN_UNREACHABLE_CODE = YES;
				CLANG_WARN__DUPLICATE_METHOD_MATCH = YES;
				"CODE_SIGN_IDENTITY[sdk=iphoneos*]" = "iPhone Developer";
				COPY_PHASE_STRIP = NO;
				ENABLE_NS_ASSERTIONS = NO;
				ENABLE_STRICT_OBJC_MSGSEND = YES;
				GCC_C_LANGUAGE_STANDARD = gnu99;
				GCC_WARN_64_TO_32_BIT_CONVERSION = YES;
				GCC_WARN_ABOUT_RETURN_TYPE = YES_ERROR;
				GCC_WARN_UNDECLARED_SELECTOR = YES;
				GCC_WARN_UNINITIALIZED_AUTOS = YES_AGGRESSIVE;
				GCC_WARN_UNUSED_FUNCTION = YES;
				GCC_WARN_UNUSED_VARIABLE = YES;
				IPHONEOS_DEPLOYMENT_TARGET = 8.2;
				MTL_ENABLE_DEBUG_INFO = NO;
				SDKROOT = iphoneos;
				VALIDATE_PRODUCT = YES;
			};
			name = AdHoc;
		};
		C3F898CE1AD4D5B3008429DD /* AdHoc */ = {
			isa = XCBuildConfiguration;
			buildSettings = {
				ASSETCATALOG_COMPILER_APPICON_NAME = AppIcon;
				CODE_SIGN_IDENTITY = "iPhone Distribution: TAKAYOSHI KOSHIDA (C59MXB37VX)";
				FRAMEWORK_SEARCH_PATHS = (
					"$(inherited)",
					"$(PROJECT_DIR)",
					"$(PROJECT_DIR)/MyPlayground",
				);
				INFOPLIST_FILE = MyPlayground/Info.plist;
				IPHONEOS_DEPLOYMENT_TARGET = 8.0;
				LD_RUNPATH_SEARCH_PATHS = "$(inherited) @executable_path/Frameworks";
				PRODUCT_NAME = "$(TARGET_NAME)";
				PROVISIONING_PROFILE = "69a1c2db-b444-4869-804e-189199649c2b";
			};
			name = AdHoc;
		};
		C3F898CF1AD4D5B3008429DD /* AdHoc */ = {
			isa = XCBuildConfiguration;
			buildSettings = {
				BUNDLE_LOADER = "$(TEST_HOST)";
				FRAMEWORK_SEARCH_PATHS = (
					"$(SDKROOT)/Developer/Library/Frameworks",
					"$(inherited)",
				);
				INFOPLIST_FILE = MyPlaygroundTests/Info.plist;
				LD_RUNPATH_SEARCH_PATHS = "$(inherited) @executable_path/Frameworks @loader_path/Frameworks";
				PRODUCT_NAME = "$(TARGET_NAME)";
				TEST_HOST = "$(BUILT_PRODUCTS_DIR)/MyPlayground.app/MyPlayground";
			};
			name = AdHoc;
		};
/* End XCBuildConfiguration section */

/* Begin XCConfigurationList section */
		C3F898A31AD266FC008429DD /* Build configuration list for PBXProject "MyPlayground" */ = {
			isa = XCConfigurationList;
			buildConfigurations = (
				C3F898C51AD266FC008429DD /* Debug */,
				C3F898C61AD266FC008429DD /* Release */,
				C3F898CD1AD4D5B3008429DD /* AdHoc */,
			);
			defaultConfigurationIsVisible = 0;
			defaultConfigurationName = Release;
		};
		C3F898C71AD266FC008429DD /* Build configuration list for PBXNativeTarget "MyPlayground" */ = {
			isa = XCConfigurationList;
			buildConfigurations = (
				C3F898C81AD266FC008429DD /* Debug */,
				C3F898C91AD266FC008429DD /* Release */,
				C3F898CE1AD4D5B3008429DD /* AdHoc */,
			);
			defaultConfigurationIsVisible = 0;
			defaultConfigurationName = Release;
		};
		C3F898CA1AD266FC008429DD /* Build configuration list for PBXNativeTarget "MyPlaygroundTests" */ = {
			isa = XCConfigurationList;
			buildConfigurations = (
				C3F898CB1AD266FC008429DD /* Debug */,
				C3F898CC1AD266FC008429DD /* Release */,
				C3F898CF1AD4D5B3008429DD /* AdHoc */,
			);
			defaultConfigurationIsVisible = 0;
			defaultConfigurationName = Release;
		};
/* End XCConfigurationList section */
	};
	rootObject = C3F898A01AD266FC008429DD /* Project object */;
}
